
Microsoft Visual Studio Solution File, Format Version 12.00
# Visual Studio Version 17
VisualStudioVersion = 17.0.31919.166
MinimumVisualStudioVersion = 10.0.40219.1
Project("{FAE04EC0-301F-11D3-BF4B-00C04F79EFBC}") = "Deliverable2", "Deliverable2\Deliverable2.csproj", "{277A7445-D210-449A-8CDB-E1D6AF189185}"
EndProject
Global
	GlobalSection(SolutionConfigurationPlatforms) = preSolution
		Debug|Any CPU = Debug|Any CPU
		Release|Any CPU = Release|Any CPU
	EndGlobalSection
	GlobalSection(ProjectConfigurationPlatforms) = postSolution
		{277A7445-D210-449A-8CDB-E1D6AF189185}.Debug|Any CPU.ActiveCfg = Debug|Any CPU
		{277A7445-D210-449A-8CDB-E1D6AF189185}.Debug|Any CPU.Build.0 = Debug|Any CPU
		{277A7445-D210-449A-8CDB-E1D6AF189185}.Release|Any CPU.ActiveCfg = Release|Any CPU
		{277A7445-D210-449A-8CDB-E1D6AF189185}.Release|Any CPU.Build.0 = Release|Any CPU
	EndGlobalSection
	GlobalSection(SolutionProperties) = preSolution
		HideSolutionNode = FALSE
	EndGlobalSection
	GlobalSection(ExtensibilityGlobals) = postSolution
		SolutionGuid = {35319A21-8022-4E5C-A154-03647DAB5058}
	EndGlobalSection
EndGlobal
